
Microsoft Visual Studio Solution File, Format Version 12.00
# Visual Studio Version 16
VisualStudioVersion = 16.0.30611.23
MinimumVisualStudioVersion = 10.0.40219.1
Project("{9A19103F-16F7-4668-BE54-9A1E7A4F7556}") = "PolymorphismExersice", "PolymorphismExersice\PolymorphismExersice.csproj", "{BADA0942-436B-44BB-86E9-EB159E1657D2}"
EndProject
Project("{9A19103F-16F7-4668-BE54-9A1E7A4F7556}") = "Vehicles", "Vehicle\Vehicles.csproj", "{88336D81-E70F-43AE-83CB-86AEFAE525C4}"
EndProject
Project("{FAE04EC0-301F-11D3-BF4B-00C04F79EFBC}") = "Raiding", "Raiding\Raiding.csproj", "{7D6BE1F4-98BD-4104-B9BD-AC8F7A1F7202}"
EndProject
Project("{FAE04EC0-301F-11D3-BF4B-00C04F79EFBC}") = "WildFarm", "WildFarm\WildFarm.csproj", "{803968EB-C816-420E-A23C-5138A2732178}"
EndProject
Global
	GlobalSection(SolutionConfigurationPlatforms) = preSolution
		Debug|Any CPU = Debug|Any CPU
		Release|Any CPU = Release|Any CPU
	EndGlobalSection
	GlobalSection(ProjectConfigurationPlatforms) = postSolution
		{BADA0942-436B-44BB-86E9-EB159E1657D2}.Debug|Any CPU.ActiveCfg = Debug|Any CPU
		{BADA0942-436B-44BB-86E9-EB159E1657D2}.Debug|Any CPU.Build.0 = Debug|Any CPU
		{BADA0942-436B-44BB-86E9-EB159E1657D2}.Release|Any CPU.ActiveCfg = Release|Any CPU
		{BADA0942-436B-44BB-86E9-EB159E1657D2}.Release|Any CPU.Build.0 = Release|Any CPU
		{88336D81-E70F-43AE-83CB-86AEFAE525C4}.Debug|Any CPU.ActiveCfg = Debug|Any CPU
		{88336D81-E70F-43AE-83CB-86AEFAE525C4}.Debug|Any CPU.Build.0 = Debug|Any CPU
		{88336D81-E70F-43AE-83CB-86AEFAE525C4}.Release|Any CPU.ActiveCfg = Release|Any CPU
		{88336D81-E70F-43AE-83CB-86AEFAE525C4}.Release|Any CPU.Build.0 = Release|Any CPU
		{7D6BE1F4-98BD-4104-B9BD-AC8F7A1F7202}.Debug|Any CPU.ActiveCfg = Debug|Any CPU
		{7D6BE1F4-98BD-4104-B9BD-AC8F7A1F7202}.Debug|Any CPU.Build.0 = Debug|Any CPU
		{7D6BE1F4-98BD-4104-B9BD-AC8F7A1F7202}.Release|Any CPU.ActiveCfg = Release|Any CPU
		{7D6BE1F4-98BD-4104-B9BD-AC8F7A1F7202}.Release|Any CPU.Build.0 = Release|Any CPU
		{803968EB-C816-420E-A23C-5138A2732178}.Debug|Any CPU.ActiveCfg = Debug|Any CPU
		{803968EB-C816-420E-A23C-5138A2732178}.Debug|Any CPU.Build.0 = Debug|Any CPU
		{803968EB-C816-420E-A23C-5138A2732178}.Release|Any CPU.ActiveCfg = Release|Any CPU
		{803968EB-C816-420E-A23C-5138A2732178}.Release|Any CPU.Build.0 = Release|Any CPU
	EndGlobalSection
	GlobalSection(SolutionProperties) = preSolution
		HideSolutionNode = FALSE
	EndGlobalSection
	GlobalSection(ExtensibilityGlobals) = postSolution
		SolutionGuid = {9AE44418-9868-41A5-9836-D70B4A7AE551}
	EndGlobalSection
EndGlobal
