
Microsoft Visual Studio Solution File, Format Version 12.00
# Visual Studio Version 16
VisualStudioVersion = 16.0.30309.148
MinimumVisualStudioVersion = 10.0.40219.1
Project("{9A19103F-16F7-4668-BE54-9A1E7A4F7556}") = "02.BasicQueueOperations", "02.BasicQueueOperations\02.BasicQueueOperations.csproj", "{9C699B0A-510E-4FF8-8C34-BC7672D4D46E}"
EndProject
Project("{9A19103F-16F7-4668-BE54-9A1E7A4F7556}") = "03.MaximumAndMinimumElement", "03.MaximumAndMinimumElement\03.MaximumAndMinimumElement.csproj", "{7E331E6F-3BB5-495D-BCFB-0149347520EC}"
EndProject
Project("{9A19103F-16F7-4668-BE54-9A1E7A4F7556}") = "04.FastFood", "04.FastFood\04.FastFood.csproj", "{AF4E572B-1A62-4EB6-B211-9E25B5535C1B}"
EndProject
Project("{9A19103F-16F7-4668-BE54-9A1E7A4F7556}") = "05.FashionBoutique", "05.FashionBoutique\05.FashionBoutique.csproj", "{E6AF8946-7A98-40E2-B814-AAD3511621BC}"
EndProject
Project("{9A19103F-16F7-4668-BE54-9A1E7A4F7556}") = "06.SongsQueue", "06.SongsQueue\06.SongsQueue.csproj", "{D507CFAF-47C4-48EA-BD2E-3196B5AF5804}"
EndProject
Project("{9A19103F-16F7-4668-BE54-9A1E7A4F7556}") = "07.TruckTour", "07.TruckTour\07.TruckTour.csproj", "{A5F0ECB0-7C97-4AA2-A51A-E038CFBDAC42}"
EndProject
Project("{9A19103F-16F7-4668-BE54-9A1E7A4F7556}") = "08.BalancedParentheses", "08.BalancedParentheses\08.BalancedParentheses.csproj", "{4C6E587F-8B6B-4E1C-9E95-7F080DB197EA}"
EndProject
Project("{9A19103F-16F7-4668-BE54-9A1E7A4F7556}") = "Demo", "Demo\Demo.csproj", "{2A83BD98-08CD-410C-8030-FB0D7BA9AAD8}"
EndProject
Project("{9A19103F-16F7-4668-BE54-9A1E7A4F7556}") = "09.SimpleTextEditor", "09.SimpleTextEditor\09.SimpleTextEditor.csproj", "{D27FDB48-F59A-49E5-8FE9-5BD17DD7F373}"
EndProject
Project("{FAE04EC0-301F-11D3-BF4B-00C04F79EFBC}") = "10.Crossroads", "10.Crossroads\10.Crossroads.csproj", "{C971DD92-B8EB-43EE-BD3B-E6CD67A6988F}"
EndProject
Global
	GlobalSection(SolutionConfigurationPlatforms) = preSolution
		Debug|Any CPU = Debug|Any CPU
		Release|Any CPU = Release|Any CPU
	EndGlobalSection
	GlobalSection(ProjectConfigurationPlatforms) = postSolution
		{9C699B0A-510E-4FF8-8C34-BC7672D4D46E}.Debug|Any CPU.ActiveCfg = Debug|Any CPU
		{9C699B0A-510E-4FF8-8C34-BC7672D4D46E}.Debug|Any CPU.Build.0 = Debug|Any CPU
		{9C699B0A-510E-4FF8-8C34-BC7672D4D46E}.Release|Any CPU.ActiveCfg = Release|Any CPU
		{9C699B0A-510E-4FF8-8C34-BC7672D4D46E}.Release|Any CPU.Build.0 = Release|Any CPU
		{7E331E6F-3BB5-495D-BCFB-0149347520EC}.Debug|Any CPU.ActiveCfg = Debug|Any CPU
		{7E331E6F-3BB5-495D-BCFB-0149347520EC}.Debug|Any CPU.Build.0 = Debug|Any CPU
		{7E331E6F-3BB5-495D-BCFB-0149347520EC}.Release|Any CPU.ActiveCfg = Release|Any CPU
		{7E331E6F-3BB5-495D-BCFB-0149347520EC}.Release|Any CPU.Build.0 = Release|Any CPU
		{AF4E572B-1A62-4EB6-B211-9E25B5535C1B}.Debug|Any CPU.ActiveCfg = Debug|Any CPU
		{AF4E572B-1A62-4EB6-B211-9E25B5535C1B}.Debug|Any CPU.Build.0 = Debug|Any CPU
		{AF4E572B-1A62-4EB6-B211-9E25B5535C1B}.Release|Any CPU.ActiveCfg = Release|Any CPU
		{AF4E572B-1A62-4EB6-B211-9E25B5535C1B}.Release|Any CPU.Build.0 = Release|Any CPU
		{E6AF8946-7A98-40E2-B814-AAD3511621BC}.Debug|Any CPU.ActiveCfg = Debug|Any CPU
		{E6AF8946-7A98-40E2-B814-AAD3511621BC}.Debug|Any CPU.Build.0 = Debug|Any CPU
		{E6AF8946-7A98-40E2-B814-AAD3511621BC}.Release|Any CPU.ActiveCfg = Release|Any CPU
		{E6AF8946-7A98-40E2-B814-AAD3511621BC}.Release|Any CPU.Build.0 = Release|Any CPU
		{D507CFAF-47C4-48EA-BD2E-3196B5AF5804}.Debug|Any CPU.ActiveCfg = Debug|Any CPU
		{D507CFAF-47C4-48EA-BD2E-3196B5AF5804}.Debug|Any CPU.Build.0 = Debug|Any CPU
		{D507CFAF-47C4-48EA-BD2E-3196B5AF5804}.Release|Any CPU.ActiveCfg = Release|Any CPU
		{D507CFAF-47C4-48EA-BD2E-3196B5AF5804}.Release|Any CPU.Build.0 = Release|Any CPU
		{A5F0ECB0-7C97-4AA2-A51A-E038CFBDAC42}.Debug|Any CPU.ActiveCfg = Debug|Any CPU
		{A5F0ECB0-7C97-4AA2-A51A-E038CFBDAC42}.Debug|Any CPU.Build.0 = Debug|Any CPU
		{A5F0ECB0-7C97-4AA2-A51A-E038CFBDAC42}.Release|Any CPU.ActiveCfg = Release|Any CPU
		{A5F0ECB0-7C97-4AA2-A51A-E038CFBDAC42}.Release|Any CPU.Build.0 = Release|Any CPU
		{4C6E587F-8B6B-4E1C-9E95-7F080DB197EA}.Debug|Any CPU.ActiveCfg = Debug|Any CPU
		{4C6E587F-8B6B-4E1C-9E95-7F080DB197EA}.Debug|Any CPU.Build.0 = Debug|Any CPU
		{4C6E587F-8B6B-4E1C-9E95-7F080DB197EA}.Release|Any CPU.ActiveCfg = Release|Any CPU
		{4C6E587F-8B6B-4E1C-9E95-7F080DB197EA}.Release|Any CPU.Build.0 = Release|Any CPU
		{2A83BD98-08CD-410C-8030-FB0D7BA9AAD8}.Debug|Any CPU.ActiveCfg = Debug|Any CPU
		{2A83BD98-08CD-410C-8030-FB0D7BA9AAD8}.Debug|Any CPU.Build.0 = Debug|Any CPU
		{2A83BD98-08CD-410C-8030-FB0D7BA9AAD8}.Release|Any CPU.ActiveCfg = Release|Any CPU
		{2A83BD98-08CD-410C-8030-FB0D7BA9AAD8}.Release|Any CPU.Build.0 = Release|Any CPU
		{D27FDB48-F59A-49E5-8FE9-5BD17DD7F373}.Debug|Any CPU.ActiveCfg = Debug|Any CPU
		{D27FDB48-F59A-49E5-8FE9-5BD17DD7F373}.Debug|Any CPU.Build.0 = Debug|Any CPU
		{D27FDB48-F59A-49E5-8FE9-5BD17DD7F373}.Release|Any CPU.ActiveCfg = Release|Any CPU
		{D27FDB48-F59A-49E5-8FE9-5BD17DD7F373}.Release|Any CPU.Build.0 = Release|Any CPU
		{C971DD92-B8EB-43EE-BD3B-E6CD67A6988F}.Debug|Any CPU.ActiveCfg = Debug|Any CPU
		{C971DD92-B8EB-43EE-BD3B-E6CD67A6988F}.Debug|Any CPU.Build.0 = Debug|Any CPU
		{C971DD92-B8EB-43EE-BD3B-E6CD67A6988F}.Release|Any CPU.ActiveCfg = Release|Any CPU
		{C971DD92-B8EB-43EE-BD3B-E6CD67A6988F}.Release|Any CPU.Build.0 = Release|Any CPU
	EndGlobalSection
	GlobalSection(SolutionProperties) = preSolution
		HideSolutionNode = FALSE
	EndGlobalSection
	GlobalSection(ExtensibilityGlobals) = postSolution
		SolutionGuid = {07B2C003-09E4-44A2-AFFD-2DA25F026672}
	EndGlobalSection
EndGlobal
